
Microsoft Visual Studio Solution File, Format Version 12.00
# Visual Studio Version 17
VisualStudioVersion = 17.6.33801.468
MinimumVisualStudioVersion = 10.0.40219.1
Project("{9A19103F-16F7-4668-BE54-9A1E7A4F7556}") = "APMLibrary.Web", "APMLibrary.Web\APMLibrary.Web.csproj", "{57D3B8EB-42CE-492E-8FE0-3C73418F5618}"
EndProject
Project("{E53339B2-1760-4266-BCC7-CA923CBCF16C}") = "docker-compose", "docker-compose.dcproj", "{01A1C906-C1D0-4E3A-ADFB-97E8DCB704D8}"
EndProject
Project("{9A19103F-16F7-4668-BE54-9A1E7A4F7556}") = "APMLibrary.Dal", "APMLibrary.Dal\APMLibrary.Dal.csproj", "{F5D4B3B7-7B61-4532-A51C-F009E6B2BA06}"
EndProject
Project("{9A19103F-16F7-4668-BE54-9A1E7A4F7556}") = "APMLibrary.Tests", "APMLibrary.Tests\APMLibrary.Tests.csproj", "{DB9EA57E-7634-49CD-8CD3-FAF937C19475}"
EndProject
Project("{9A19103F-16F7-4668-BE54-9A1E7A4F7556}") = "APMLibrary.Bll", "..\APMLibrary.Bll\APMLibrary.Bll.csproj", "{D3825B79-6415-4C17-98FF-089B99A837F7}"
EndProject
Global
	GlobalSection(SolutionConfigurationPlatforms) = preSolution
		Debug|Any CPU = Debug|Any CPU
		Release|Any CPU = Release|Any CPU
	EndGlobalSection
	GlobalSection(ProjectConfigurationPlatforms) = postSolution
		{57D3B8EB-42CE-492E-8FE0-3C73418F5618}.Debug|Any CPU.ActiveCfg = Debug|Any CPU
		{57D3B8EB-42CE-492E-8FE0-3C73418F5618}.Debug|Any CPU.Build.0 = Debug|Any CPU
		{57D3B8EB-42CE-492E-8FE0-3C73418F5618}.Release|Any CPU.ActiveCfg = Release|Any CPU
		{57D3B8EB-42CE-492E-8FE0-3C73418F5618}.Release|Any CPU.Build.0 = Release|Any CPU
		{01A1C906-C1D0-4E3A-ADFB-97E8DCB704D8}.Debug|Any CPU.ActiveCfg = Debug|Any CPU
		{01A1C906-C1D0-4E3A-ADFB-97E8DCB704D8}.Debug|Any CPU.Build.0 = Debug|Any CPU
		{01A1C906-C1D0-4E3A-ADFB-97E8DCB704D8}.Release|Any CPU.ActiveCfg = Release|Any CPU
		{01A1C906-C1D0-4E3A-ADFB-97E8DCB704D8}.Release|Any CPU.Build.0 = Release|Any CPU
		{F5D4B3B7-7B61-4532-A51C-F009E6B2BA06}.Debug|Any CPU.ActiveCfg = Debug|Any CPU
		{F5D4B3B7-7B61-4532-A51C-F009E6B2BA06}.Debug|Any CPU.Build.0 = Debug|Any CPU
		{F5D4B3B7-7B61-4532-A51C-F009E6B2BA06}.Release|Any CPU.ActiveCfg = Release|Any CPU
		{F5D4B3B7-7B61-4532-A51C-F009E6B2BA06}.Release|Any CPU.Build.0 = Release|Any CPU
		{DB9EA57E-7634-49CD-8CD3-FAF937C19475}.Debug|Any CPU.ActiveCfg = Debug|Any CPU
		{DB9EA57E-7634-49CD-8CD3-FAF937C19475}.Debug|Any CPU.Build.0 = Debug|Any CPU
		{DB9EA57E-7634-49CD-8CD3-FAF937C19475}.Release|Any CPU.ActiveCfg = Release|Any CPU
		{DB9EA57E-7634-49CD-8CD3-FAF937C19475}.Release|Any CPU.Build.0 = Release|Any CPU
		{D3825B79-6415-4C17-98FF-089B99A837F7}.Debug|Any CPU.ActiveCfg = Debug|Any CPU
		{D3825B79-6415-4C17-98FF-089B99A837F7}.Debug|Any CPU.Build.0 = Debug|Any CPU
		{D3825B79-6415-4C17-98FF-089B99A837F7}.Release|Any CPU.ActiveCfg = Release|Any CPU
		{D3825B79-6415-4C17-98FF-089B99A837F7}.Release|Any CPU.Build.0 = Release|Any CPU
	EndGlobalSection
	GlobalSection(SolutionProperties) = preSolution
		HideSolutionNode = FALSE
	EndGlobalSection
	GlobalSection(ExtensibilityGlobals) = postSolution
		SolutionGuid = {9E16344F-320C-43CA-AB71-FE8F8B80D80E}
	EndGlobalSection
EndGlobal
